// !$*UTF8*$!
{
	archiveVersion = 1;
	classes = {
	};
	objectVersion = 56;
	objects = {

/* Begin PBXBuildFile section */
		251EB19BB2D7F7D16994B2D6 /* Pods_WeatherApp.framework in Frameworks */ = {isa = PBXBuildFile; fileRef = D112026C09EF51871BD41670 /* Pods_WeatherApp.framework */; };
		C161886529897DA300DA240A /* WeatherAppApp.swift in Sources */ = {isa = PBXBuildFile; fileRef = C161886429897DA300DA240A /* WeatherAppApp.swift */; };
		C161886729897DA300DA240A /* ContentView.swift in Sources */ = {isa = PBXBuildFile; fileRef = C161886629897DA300DA240A /* ContentView.swift */; };
		C161886929897DA400DA240A /* Assets.xcassets in Resources */ = {isa = PBXBuildFile; fileRef = C161886829897DA400DA240A /* Assets.xcassets */; };
		C161886C29897DA400DA240A /* Preview Assets.xcassets in Resources */ = {isa = PBXBuildFile; fileRef = C161886B29897DA400DA240A /* Preview Assets.xcassets */; };
		C161887429897E1F00DA240A /* LocationManager.swift in Sources */ = {isa = PBXBuildFile; fileRef = C161887329897E1F00DA240A /* LocationManager.swift */; };
		C1618878298980D900DA240A /* WelcomeView.swift in Sources */ = {isa = PBXBuildFile; fileRef = C1618877298980D900DA240A /* WelcomeView.swift */; };
		C161887A298985E200DA240A /* LoadingView.swift in Sources */ = {isa = PBXBuildFile; fileRef = C1618879298985E200DA240A /* LoadingView.swift */; };
		C161887C29898C5000DA240A /* WeatherManager.swift in Sources */ = {isa = PBXBuildFile; fileRef = C161887B29898C5000DA240A /* WeatherManager.swift */; };
		C1F5FA842989A9C90049B23B /* WeatherView.swift in Sources */ = {isa = PBXBuildFile; fileRef = C1F5FA832989A9C90049B23B /* WeatherView.swift */; };
		C1F5FA862989AA160049B23B /* ModelData.swift in Sources */ = {isa = PBXBuildFile; fileRef = C1F5FA852989AA160049B23B /* ModelData.swift */; };
		C1F5FA882989AAA10049B23B /* weatherData.json in Resources */ = {isa = PBXBuildFile; fileRef = C1F5FA872989AAA10049B23B /* weatherData.json */; };
		C1F5FA8A2989ABAE0049B23B /* Extension.swift in Sources */ = {isa = PBXBuildFile; fileRef = C1F5FA892989ABAE0049B23B /* Extension.swift */; };
		C1F5FA8C2989F7690049B23B /* GoogleService-Info.plist in Resources */ = {isa = PBXBuildFile; fileRef = C1F5FA8B2989F7690049B23B /* GoogleService-Info.plist */; };
		C1F5FA8E298A17300049B23B /* ViewModel.swift in Sources */ = {isa = PBXBuildFile; fileRef = C1F5FA8D298A17300049B23B /* ViewModel.swift */; };
/* End PBXBuildFile section */

/* Begin PBXFileReference section */
		BA75CC87A030DAB1C67E53E7 /* Pods-WeatherApp.debug.xcconfig */ = {isa = PBXFileReference; includeInIndex = 1; lastKnownFileType = text.xcconfig; name = "Pods-WeatherApp.debug.xcconfig"; path = "Target Support Files/Pods-WeatherApp/Pods-WeatherApp.debug.xcconfig"; sourceTree = "<group>"; };
		C161886129897DA300DA240A /* WeatherApp.app */ = {isa = PBXFileReference; explicitFileType = wrapper.application; includeInIndex = 0; path = WeatherApp.app; sourceTree = BUILT_PRODUCTS_DIR; };
		C161886429897DA300DA240A /* WeatherAppApp.swift */ = {isa = PBXFileReference; lastKnownFileType = sourcecode.swift; path = WeatherAppApp.swift; sourceTree = "<group>"; };
		C161886629897DA300DA240A /* ContentView.swift */ = {isa = PBXFileReference; lastKnownFileType = sourcecode.swift; path = ContentView.swift; sourceTree = "<group>"; };
		C161886829897DA400DA240A /* Assets.xcassets */ = {isa = PBXFileReference; lastKnownFileType = folder.assetcatalog; path = Assets.xcassets; sourceTree = "<group>"; };
		C161886B29897DA400DA240A /* Preview Assets.xcassets */ = {isa = PBXFileReference; lastKnownFileType = folder.assetcatalog; path = "Preview Assets.xcassets"; sourceTree = "<group>"; };
		C161887329897E1F00DA240A /* LocationManager.swift */ = {isa = PBXFileReference; lastKnownFileType = sourcecode.swift; path = LocationManager.swift; sourceTree = "<group>"; };
		C1618877298980D900DA240A /* WelcomeView.swift */ = {isa = PBXFileReference; lastKnownFileType = sourcecode.swift; path = WelcomeView.swift; sourceTree = "<group>"; };
		C1618879298985E200DA240A /* LoadingView.swift */ = {isa = PBXFileReference; lastKnownFileType = sourcecode.swift; path = LoadingView.swift; sourceTree = "<group>"; };
		C161887B29898C5000DA240A /* WeatherManager.swift */ = {isa = PBXFileReference; lastKnownFileType = sourcecode.swift; path = WeatherManager.swift; sourceTree = "<group>"; };
		C1F5FA832989A9C90049B23B /* WeatherView.swift */ = {isa = PBXFileReference; lastKnownFileType = sourcecode.swift; path = WeatherView.swift; sourceTree = "<group>"; };
		C1F5FA852989AA160049B23B /* ModelData.swift */ = {isa = PBXFileReference; lastKnownFileType = sourcecode.swift; path = ModelData.swift; sourceTree = "<group>"; };
		C1F5FA872989AAA10049B23B /* weatherData.json */ = {isa = PBXFileReference; lastKnownFileType = text.json; path = weatherData.json; sourceTree = "<group>"; };
		C1F5FA892989ABAE0049B23B /* Extension.swift */ = {isa = PBXFileReference; lastKnownFileType = sourcecode.swift; path = Extension.swift; sourceTree = "<group>"; };
		C1F5FA8B2989F7690049B23B /* GoogleService-Info.plist */ = {isa = PBXFileReference; fileEncoding = 4; lastKnownFileType = text.plist.xml; path = "GoogleService-Info.plist"; sourceTree = "<group>"; };
		C1F5FA8D298A17300049B23B /* ViewModel.swift */ = {isa = PBXFileReference; lastKnownFileType = sourcecode.swift; path = ViewModel.swift; sourceTree = "<group>"; };
		D112026C09EF51871BD41670 /* Pods_WeatherApp.framework */ = {isa = PBXFileReference; explicitFileType = wrapper.framework; includeInIndex = 0; path = Pods_WeatherApp.framework; sourceTree = BUILT_PRODUCTS_DIR; };
		DABAE27E7A4AD728F10B622A /* Pods-WeatherApp.release.xcconfig */ = {isa = PBXFileReference; includeInIndex = 1; lastKnownFileType = text.xcconfig; name = "Pods-WeatherApp.release.xcconfig"; path = "Target Support Files/Pods-WeatherApp/Pods-WeatherApp.release.xcconfig"; sourceTree = "<group>"; };
/* End PBXFileReference section */

/* Begin PBXFrameworksBuildPhase section */
		C161885E29897DA300DA240A /* Frameworks */ = {
			isa = PBXFrameworksBuildPhase;
			buildActionMask = 2147483647;
			files = (
				251EB19BB2D7F7D16994B2D6 /* Pods_WeatherApp.framework in Frameworks */,
			);
			runOnlyForDeploymentPostprocessing = 0;
		};
/* End PBXFrameworksBuildPhase section */

/* Begin PBXGroup section */
		3AF84F39DDA1C22729B47F9D /* Pods */ = {
			isa = PBXGroup;
			children = (
				BA75CC87A030DAB1C67E53E7 /* Pods-WeatherApp.debug.xcconfig */,
				DABAE27E7A4AD728F10B622A /* Pods-WeatherApp.release.xcconfig */,
			);
			path = Pods;
			sourceTree = "<group>";
		};
		449B26B3447A8065D9BCD52D /* Frameworks */ = {
			isa = PBXGroup;
			children = (
				D112026C09EF51871BD41670 /* Pods_WeatherApp.framework */,
			);
			name = Frameworks;
			sourceTree = "<group>";
		};
		C161885829897DA300DA240A = {
			isa = PBXGroup;
			children = (
				C161886329897DA300DA240A /* WeatherApp */,
				C161886229897DA300DA240A /* Products */,
				3AF84F39DDA1C22729B47F9D /* Pods */,
				449B26B3447A8065D9BCD52D /* Frameworks */,
			);
			sourceTree = "<group>";
		};
		C161886229897DA300DA240A /* Products */ = {
			isa = PBXGroup;
			children = (
				C161886129897DA300DA240A /* WeatherApp.app */,
			);
			name = Products;
			sourceTree = "<group>";
		};
		C161886329897DA300DA240A /* WeatherApp */ = {
			isa = PBXGroup;
			children = (
				C16188762989804900DA240A /* Views */,
				C161887229897E0800DA240A /* Manager */,
				C161886429897DA300DA240A /* WeatherAppApp.swift */,
				C161886829897DA400DA240A /* Assets.xcassets */,
				C1F5FA8B2989F7690049B23B /* GoogleService-Info.plist */,
				C161886A29897DA400DA240A /* Preview Content */,
				C1F5FA892989ABAE0049B23B /* Extension.swift */,
			);
			path = WeatherApp;
			sourceTree = "<group>";
		};
		C161886A29897DA400DA240A /* Preview Content */ = {
			isa = PBXGroup;
			children = (
				C161886B29897DA400DA240A /* Preview Assets.xcassets */,
				C1F5FA852989AA160049B23B /* ModelData.swift */,
				C1F5FA872989AAA10049B23B /* weatherData.json */,
			);
			path = "Preview Content";
			sourceTree = "<group>";
		};
		C161887229897E0800DA240A /* Manager */ = {
			isa = PBXGroup;
			children = (
				C161887329897E1F00DA240A /* LocationManager.swift */,
				C161887B29898C5000DA240A /* WeatherManager.swift */,
				C1F5FA8D298A17300049B23B /* ViewModel.swift */,
			);
			path = Manager;
			sourceTree = "<group>";
		};
		C16188762989804900DA240A /* Views */ = {
			isa = PBXGroup;
			children = (
				C161886629897DA300DA240A /* ContentView.swift */,
				C1618877298980D900DA240A /* WelcomeView.swift */,
				C1618879298985E200DA240A /* LoadingView.swift */,
				C1F5FA832989A9C90049B23B /* WeatherView.swift */,
			);
			path = Views;
			sourceTree = "<group>";
		};
/* End PBXGroup section */

/* Begin PBXNativeTarget section */
		C161886029897DA300DA240A /* WeatherApp */ = {
			isa = PBXNativeTarget;
			buildConfigurationList = C161886F29897DA400DA240A /* Build configuration list for PBXNativeTarget "WeatherApp" */;
			buildPhases = (
				F02BF6D187FD5970B570498F /* [CP] Check Pods Manifest.lock */,
				C161885D29897DA300DA240A /* Sources */,
				C161885E29897DA300DA240A /* Frameworks */,
				C161885F29897DA300DA240A /* Resources */,
				0BF057DA3A4FFB0300E8FD3D /* [CP] Embed Pods Frameworks */,
			);
			buildRules = (
			);
			dependencies = (
			);
			name = WeatherApp;
			productName = WeatherApp;
			productReference = C161886129897DA300DA240A /* WeatherApp.app */;
			productType = "com.apple.product-type.application";
		};
/* End PBXNativeTarget section */

/* Begin PBXProject section */
		C161885929897DA300DA240A /* Project object */ = {
			isa = PBXProject;
			attributes = {
				BuildIndependentTargetsInParallel = 1;
				LastSwiftUpdateCheck = 1420;
				LastUpgradeCheck = 1420;
				TargetAttributes = {
					C161886029897DA300DA240A = {
						CreatedOnToolsVersion = 14.2;
					};
				};
			};
			buildConfigurationList = C161885C29897DA300DA240A /* Build configuration list for PBXProject "WeatherApp" */;
			compatibilityVersion = "Xcode 14.0";
			developmentRegion = en;
			hasScannedForEncodings = 0;
			knownRegions = (
				en,
				Base,
			);
			mainGroup = C161885829897DA300DA240A;
			productRefGroup = C161886229897DA300DA240A /* Products */;
			projectDirPath = "";
			projectRoot = "";
			targets = (
				C161886029897DA300DA240A /* WeatherApp */,
			);
		};
/* End PBXProject section */

/* Begin PBXResourcesBuildPhase section */
		C161885F29897DA300DA240A /* Resources */ = {
			isa = PBXResourcesBuildPhase;
			buildActionMask = 2147483647;
			files = (
				C161886C29897DA400DA240A /* Preview Assets.xcassets in Resources */,
				C1F5FA8C2989F7690049B23B /* GoogleService-Info.plist in Resources */,
				C1F5FA882989AAA10049B23B /* weatherData.json in Resources */,
				C161886929897DA400DA240A /* Assets.xcassets in Resources */,
			);
			runOnlyForDeploymentPostprocessing = 0;
		};
/* End PBXResourcesBuildPhase section */

/* Begin PBXShellScriptBuildPhase section */
		0BF057DA3A4FFB0300E8FD3D /* [CP] Embed Pods Frameworks */ = {
			isa = PBXShellScriptBuildPhase;
			buildActionMask = 2147483647;
			files = (
			);
			inputFileListPaths = (
				"${PODS_ROOT}/Target Support Files/Pods-WeatherApp/Pods-WeatherApp-frameworks-${CONFIGURATION}-input-files.xcfilelist",
			);
			name = "[CP] Embed Pods Frameworks";
			outputFileListPaths = (
				"${PODS_ROOT}/Target Support Files/Pods-WeatherApp/Pods-WeatherApp-frameworks-${CONFIGURATION}-output-files.xcfilelist",
			);
			runOnlyForDeploymentPostprocessing = 0;
			shellPath = /bin/sh;
			shellScript = "\"${PODS_ROOT}/Target Support Files/Pods-WeatherApp/Pods-WeatherApp-frameworks.sh\"\n";
			showEnvVarsInLog = 0;
		};
		F02BF6D187FD5970B570498F /* [CP] Check Pods Manifest.lock */ = {
			isa = PBXShellScriptBuildPhase;
			buildActionMask = 2147483647;
			files = (
			);
			inputFileListPaths = (
			);
			inputPaths = (
				"${PODS_PODFILE_DIR_PATH}/Podfile.lock",
				"${PODS_ROOT}/Manifest.lock",
			);
			name = "[CP] Check Pods Manifest.lock";
			outputFileListPaths = (
			);
			outputPaths = (
				"$(DERIVED_FILE_DIR)/Pods-WeatherApp-checkManifestLockResult.txt",
			);
			runOnlyForDeploymentPostprocessing = 0;
			shellPath = /bin/sh;
			shellScript = "diff \"${PODS_PODFILE_DIR_PATH}/Podfile.lock\" \"${PODS_ROOT}/Manifest.lock\" > /dev/null\nif [ $? != 0 ] ; then\n    # print error to STDERR\n    echo \"error: The sandbox is not in sync with the Podfile.lock. Run 'pod install' or update your CocoaPods installation.\" >&2\n    exit 1\nfi\n# This output is used by Xcode 'outputs' to avoid re-running this script phase.\necho \"SUCCESS\" > \"${SCRIPT_OUTPUT_FILE_0}\"\n";
			showEnvVarsInLog = 0;
		};
/* End PBXShellScriptBuildPhase section */

/* Begin PBXSourcesBuildPhase section */
		C161885D29897DA300DA240A /* Sources */ = {
			isa = PBXSourcesBuildPhase;
			buildActionMask = 2147483647;
			files = (
				C1F5FA8E298A17300049B23B /* ViewModel.swift in Sources */,
				C1F5FA8A2989ABAE0049B23B /* Extension.swift in Sources */,
				C161887C29898C5000DA240A /* WeatherManager.swift in Sources */,
				C161886729897DA300DA240A /* ContentView.swift in Sources */,
				C161886529897DA300DA240A /* WeatherAppApp.swift in Sources */,
				C161887429897E1F00DA240A /* LocationManager.swift in Sources */,
				C161887A298985E200DA240A /* LoadingView.swift in Sources */,
				C1F5FA862989AA160049B23B /* ModelData.swift in Sources */,
				C1F5FA842989A9C90049B23B /* WeatherView.swift in Sources */,
				C1618878298980D900DA240A /* WelcomeView.swift in Sources */,
			);
			runOnlyForDeploymentPostprocessing = 0;
		};
/* End PBXSourcesBuildPhase section */

/* Begin XCBuildConfiguration section */
		C161886D29897DA400DA240A /* Debug */ = {
			isa = XCBuildConfiguration;
			buildSettings = {
				ALWAYS_SEARCH_USER_PATHS = NO;
				CLANG_ANALYZER_NONNULL = YES;
				CLANG_ANALYZER_NUMBER_OBJECT_CONVERSION = YES_AGGRESSIVE;
				CLANG_CXX_LANGUAGE_STANDARD = "gnu++20";
				CLANG_ENABLE_MODULES = YES;
				CLANG_ENABLE_OBJC_ARC = YES;
				CLANG_ENABLE_OBJC_WEAK = YES;
				CLANG_WARN_BLOCK_CAPTURE_AUTORELEASING = YES;
				CLANG_WARN_BOOL_CONVERSION = YES;
				CLANG_WARN_COMMA = YES;
				CLANG_WARN_CONSTANT_CONVERSION = YES;
				CLANG_WARN_DEPRECATED_OBJC_IMPLEMENTATIONS = YES;
				CLANG_WARN_DIRECT_OBJC_ISA_USAGE = YES_ERROR;
				CLANG_WARN_DOCUMENTATION_COMMENTS = YES;
				CLANG_WARN_EMPTY_BODY = YES;
				CLANG_WARN_ENUM_CONVERSION = YES;
				CLANG_WARN_INFINITE_RECURSION = YES;
				CLANG_WARN_INT_CONVERSION = YES;
				CLANG_WARN_NON_LITERAL_NULL_CONVERSION = YES;
				CLANG_WARN_OBJC_IMPLICIT_RETAIN_SELF = YES;
				CLANG_WARN_OBJC_LITERAL_CONVERSION = YES;
				CLANG_WARN_OBJC_ROOT_CLASS = YES_ERROR;
				CLANG_WARN_QUOTED_INCLUDE_IN_FRAMEWORK_HEADER = YES;
				CLANG_WARN_RANGE_LOOP_ANALYSIS = YES;
				CLANG_WARN_STRICT_PROTOTYPES = YES;
				CLANG_WARN_SUSPICIOUS_MOVE = YES;
				CLANG_WARN_UNGUARDED_AVAILABILITY = YES_AGGRESSIVE;
				CLANG_WARN_UNREACHABLE_CODE = YES;
				CLANG_WARN__DUPLICATE_METHOD_MATCH = YES;
				COPY_PHASE_STRIP = NO;
				DEBUG_INFORMATION_FORMAT = dwarf;
				ENABLE_STRICT_OBJC_MSGSEND = YES;
				ENABLE_TESTABILITY = YES;
				GCC_C_LANGUAGE_STANDARD = gnu11;
				GCC_DYNAMIC_NO_PIC = NO;
				GCC_NO_COMMON_BLOCKS = YES;
				GCC_OPTIMIZATION_LEVEL = 0;
				GCC_PREPROCESSOR_DEFINITIONS = (
					"DEBUG=1",
					"$(inherited)",
				);
				GCC_WARN_64_TO_32_BIT_CONVERSION = YES;
				GCC_WARN_ABOUT_RETURN_TYPE = YES_ERROR;
				GCC_WARN_UNDECLARED_SELECTOR = YES;
				GCC_WARN_UNINITIALIZED_AUTOS = YES_AGGRESSIVE;
				GCC_WARN_UNUSED_FUNCTION = YES;
				GCC_WARN_UNUSED_VARIABLE = YES;
				IPHONEOS_DEPLOYMENT_TARGET = 16.2;
				MTL_ENABLE_DEBUG_INFO = INCLUDE_SOURCE;
				MTL_FAST_MATH = YES;
				ONLY_ACTIVE_ARCH = YES;
				SDKROOT = iphoneos;
				SWIFT_ACTIVE_COMPILATION_CONDITIONS = DEBUG;
				SWIFT_OPTIMIZATION_LEVEL = "-Onone";
			};
			name = Debug;
		};
		C161886E29897DA400DA240A /* Release */ = {
			isa = XCBuildConfiguration;
			buildSettings = {
				ALWAYS_SEARCH_USER_PATHS = NO;
				CLANG_ANALYZER_NONNULL = YES;
				CLANG_ANALYZER_NUMBER_OBJECT_CONVERSION = YES_AGGRESSIVE;
				CLANG_CXX_LANGUAGE_STANDARD = "gnu++20";
				CLANG_ENABLE_MODULES = YES;
				CLANG_ENABLE_OBJC_ARC = YES;
				CLANG_ENABLE_OBJC_WEAK = YES;
				CLANG_WARN_BLOCK_CAPTURE_AUTORELEASING = YES;
				CLANG_WARN_BOOL_CONVERSION = YES;
				CLANG_WARN_COMMA = YES;
				CLANG_WARN_CONSTANT_CONVERSION = YES;
				CLANG_WARN_DEPRECATED_OBJC_IMPLEMENTATIONS = YES;
				CLANG_WARN_DIRECT_OBJC_ISA_USAGE = YES_ERROR;
				CLANG_WARN_DOCUMENTATION_COMMENTS = YES;
				CLANG_WARN_EMPTY_BODY = YES;
				CLANG_WARN_ENUM_CONVERSION = YES;
				CLANG_WARN_INFINITE_RECURSION = YES;
				CLANG_WARN_INT_CONVERSION = YES;
				CLANG_WARN_NON_LITERAL_NULL_CONVERSION = YES;
				CLANG_WARN_OBJC_IMPLICIT_RETAIN_SELF = YES;
				CLANG_WARN_OBJC_LITERAL_CONVERSION = YES;
				CLANG_WARN_OBJC_ROOT_CLASS = YES_ERROR;
				CLANG_WARN_QUOTED_INCLUDE_IN_FRAMEWORK_HEADER = YES;
				CLANG_WARN_RANGE_LOOP_ANALYSIS = YES;
				CLANG_WARN_STRICT_PROTOTYPES = YES;
				CLANG_WARN_SUSPICIOUS_MOVE = YES;
				CLANG_WARN_UNGUARDED_AVAILABILITY = YES_AGGRESSIVE;
				CLANG_WARN_UNREACHABLE_CODE = YES;
				CLANG_WARN__DUPLICATE_METHOD_MATCH = YES;
				COPY_PHASE_STRIP = NO;
				DEBUG_INFORMATION_FORMAT = "dwarf-with-dsym";
				ENABLE_NS_ASSERTIONS = NO;
				ENABLE_STRICT_OBJC_MSGSEND = YES;
				GCC_C_LANGUAGE_STANDARD = gnu11;
				GCC_NO_COMMON_BLOCKS = YES;
				GCC_WARN_64_TO_32_BIT_CONVERSION = YES;
				GCC_WARN_ABOUT_RETURN_TYPE = YES_ERROR;
				GCC_WARN_UNDECLARED_SELECTOR = YES;
				GCC_WARN_UNINITIALIZED_AUTOS = YES_AGGRESSIVE;
				GCC_WARN_UNUSED_FUNCTION = YES;
				GCC_WARN_UNUSED_VARIABLE = YES;
				IPHONEOS_DEPLOYMENT_TARGET = 16.2;
				MTL_ENABLE_DEBUG_INFO = NO;
				MTL_FAST_MATH = YES;
				SDKROOT = iphoneos;
				SWIFT_COMPILATION_MODE = wholemodule;
				SWIFT_OPTIMIZATION_LEVEL = "-O";
				VALIDATE_PRODUCT = YES;
			};
			name = Release;
		};
		C161887029897DA400DA240A /* Debug */ = {
			isa = XCBuildConfiguration;
			baseConfigurationReference = BA75CC87A030DAB1C67E53E7 /* Pods-WeatherApp.debug.xcconfig */;
			buildSettings = {
				ASSETCATALOG_COMPILER_APPICON_NAME = AppIcon;
				ASSETCATALOG_COMPILER_GLOBAL_ACCENT_COLOR_NAME = AccentColor;
				CODE_SIGN_STYLE = Automatic;
				CURRENT_PROJECT_VERSION = 1;
				DEVELOPMENT_ASSET_PATHS = "\"WeatherApp/Preview Content\"";
				DEVELOPMENT_TEAM = CKY2LH36FP;
				ENABLE_PREVIEWS = YES;
				GENERATE_INFOPLIST_FILE = YES;
				INFOPLIST_KEY_UIApplicationSceneManifest_Generation = YES;
				INFOPLIST_KEY_UIApplicationSupportsIndirectInputEvents = YES;
				INFOPLIST_KEY_UILaunchScreen_Generation = YES;
				INFOPLIST_KEY_UISupportedInterfaceOrientations_iPad = "UIInterfaceOrientationPortrait UIInterfaceOrientationPortraitUpsideDown UIInterfaceOrientationLandscapeLeft UIInterfaceOrientationLandscapeRight";
				INFOPLIST_KEY_UISupportedInterfaceOrientations_iPhone = "UIInterfaceOrientationPortrait UIInterfaceOrientationLandscapeLeft UIInterfaceOrientationLandscapeRight";
				IPHONEOS_DEPLOYMENT_TARGET = 15.0;
				LD_RUNPATH_SEARCH_PATHS = (
					"$(inherited)",
					"@executable_path/Frameworks",
				);
				MARKETING_VERSION = 1.0;
				PRODUCT_BUNDLE_IDENTIFIER = PraharshPatel.WeatherApp;
				PRODUCT_NAME = "$(TARGET_NAME)";
				SWIFT_EMIT_LOC_STRINGS = YES;
				SWIFT_VERSION = 5.0;
				TARGETED_DEVICE_FAMILY = "1,2";
			};
			name = Debug;
		};
		C161887129897DA400DA240A /* Release */ = {
			isa = XCBuildConfiguration;
			baseConfigurationReference = DABAE27E7A4AD728F10B622A /* Pods-WeatherApp.release.xcconfig */;
			buildSettings = {
				ASSETCATALOG_COMPILER_APPICON_NAME = AppIcon;
				ASSETCATALOG_COMPILER_GLOBAL_ACCENT_COLOR_NAME = AccentColor;
				CODE_SIGN_STYLE = Automatic;
				CURRENT_PROJECT_VERSION = 1;
				DEVELOPMENT_ASSET_PATHS = "\"WeatherApp/Preview Content\"";
				DEVELOPMENT_TEAM = CKY2LH36FP;
				ENABLE_PREVIEWS = YES;
				GENERATE_INFOPLIST_FILE = YES;
				INFOPLIST_KEY_UIApplicationSceneManifest_Generation = YES;
				INFOPLIST_KEY_UIApplicationSupportsIndirectInputEvents = YES;
				INFOPLIST_KEY_UILaunchScreen_Generation = YES;
				INFOPLIST_KEY_UISupportedInterfaceOrientations_iPad = "UIInterfaceOrientationPortrait UIInterfaceOrientationPortraitUpsideDown UIInterfaceOrientationLandscapeLeft UIInterfaceOrientationLandscapeRight";
				INFOPLIST_KEY_UISupportedInterfaceOrientations_iPhone = "UIInterfaceOrientationPortrait UIInterfaceOrientationLandscapeLeft UIInterfaceOrientationLandscapeRight";
				IPHONEOS_DEPLOYMENT_TARGET = 15.0;
				LD_RUNPATH_SEARCH_PATHS = (
					"$(inherited)",
					"@executable_path/Frameworks",
				);
				MARKETING_VERSION = 1.0;
				PRODUCT_BUNDLE_IDENTIFIER = PraharshPatel.WeatherApp;
				PRODUCT_NAME = "$(TARGET_NAME)";
				SWIFT_EMIT_LOC_STRINGS = YES;
				SWIFT_VERSION = 5.0;
				TARGETED_DEVICE_FAMILY = "1,2";
			};
			name = Release;
		};
/* End XCBuildConfiguration section */

/* Begin XCConfigurationList section */
		C161885C29897DA300DA240A /* Build configuration list for PBXProject "WeatherApp" */ = {
			isa = XCConfigurationList;
			buildConfigurations = (
				C161886D29897DA400DA240A /* Debug */,
				C161886E29897DA400DA240A /* Release */,
			);
			defaultConfigurationIsVisible = 0;
			defaultConfigurationName = Release;
		};
		C161886F29897DA400DA240A /* Build configuration list for PBXNativeTarget "WeatherApp" */ = {
			isa = XCConfigurationList;
			buildConfigurations = (
				C161887029897DA400DA240A /* Debug */,
				C161887129897DA400DA240A /* Release */,
			);
			defaultConfigurationIsVisible = 0;
			defaultConfigurationName = Release;
		};
/* End XCConfigurationList section */
	};
	rootObject = C161885929897DA300DA240A /* Project object */;
}
